
Microsoft Visual Studio Solution File, Format Version 12.00
# Visual Studio Version 17
VisualStudioVersion = 17.12.35506.116
MinimumVisualStudioVersion = 10.0.40219.1
Project("{FAE04EC0-301F-11D3-BF4B-00C04F79EFBC}") = "WpfApp1", "WpfApp1\WpfApp1.csproj", "{AE7615AF-588F-4A63-A7A2-445789B8036C}"
EndProject
Project("{FAE04EC0-301F-11D3-BF4B-00C04F79EFBC}") = "WpfApp2", "WpfApp2\WpfApp2.csproj", "{EAE427BB-A4AE-40DA-B7B1-874975C5D7C8}"
EndProject
Global
	GlobalSection(SolutionConfigurationPlatforms) = preSolution
		Debug|Any CPU = Debug|Any CPU
		Release|Any CPU = Release|Any CPU
	EndGlobalSection
	GlobalSection(ProjectConfigurationPlatforms) = postSolution
		{AE7615AF-588F-4A63-A7A2-445789B8036C}.Debug|Any CPU.ActiveCfg = Debug|Any CPU
		{AE7615AF-588F-4A63-A7A2-445789B8036C}.Debug|Any CPU.Build.0 = Debug|Any CPU
		{AE7615AF-588F-4A63-A7A2-445789B8036C}.Release|Any CPU.ActiveCfg = Release|Any CPU
		{AE7615AF-588F-4A63-A7A2-445789B8036C}.Release|Any CPU.Build.0 = Release|Any CPU
		{EAE427BB-A4AE-40DA-B7B1-874975C5D7C8}.Debug|Any CPU.ActiveCfg = Debug|Any CPU
		{EAE427BB-A4AE-40DA-B7B1-874975C5D7C8}.Debug|Any CPU.Build.0 = Debug|Any CPU
		{EAE427BB-A4AE-40DA-B7B1-874975C5D7C8}.Release|Any CPU.ActiveCfg = Release|Any CPU
		{EAE427BB-A4AE-40DA-B7B1-874975C5D7C8}.Release|Any CPU.Build.0 = Release|Any CPU
	EndGlobalSection
	GlobalSection(SolutionProperties) = preSolution
		HideSolutionNode = FALSE
	EndGlobalSection
EndGlobal
